// !$*UTF8*$!
{
	archiveVersion = 1;
	classes = {
	};
	objectVersion = 56;
	objects = {

/* Begin PBXBuildFile section */
		99FC23C32BC1FAB400F9CE4E /* StudyAppApp.swift in Sources */ = {isa = PBXBuildFile; fileRef = 99FC23C22BC1FAB400F9CE4E /* StudyAppApp.swift */; };
		99FC23C52BC1FAB400F9CE4E /* ContentView.swift in Sources */ = {isa = PBXBuildFile; fileRef = 99FC23C42BC1FAB400F9CE4E /* ContentView.swift */; };
		99FC23C72BC1FAB500F9CE4E /* Assets.xcassets in Resources */ = {isa = PBXBuildFile; fileRef = 99FC23C62BC1FAB500F9CE4E /* Assets.xcassets */; };
		99FC23CA2BC1FAB500F9CE4E /* Preview Assets.xcassets in Resources */ = {isa = PBXBuildFile; fileRef = 99FC23C92BC1FAB500F9CE4E /* Preview Assets.xcassets */; };
		99FC23D62BC20A0300F9CE4E /* Home.swift in Sources */ = {isa = PBXBuildFile; fileRef = 99FC23D52BC20A0300F9CE4E /* Home.swift */; };
		99FC23D82BC24A1800F9CE4E /* GoogleService-Info.plist in Resources */ = {isa = PBXBuildFile; fileRef = 99FC23D72BC24A1800F9CE4E /* GoogleService-Info.plist */; };
		99FC23DB2BC24A5100F9CE4E /* FirebaseAnalytics in Frameworks */ = {isa = PBXBuildFile; productRef = 99FC23DA2BC24A5100F9CE4E /* FirebaseAnalytics */; };
		99FC23DD2BC24A5100F9CE4E /* FirebaseAnalyticsOnDeviceConversion in Frameworks */ = {isa = PBXBuildFile; productRef = 99FC23DC2BC24A5100F9CE4E /* FirebaseAnalyticsOnDeviceConversion */; };
		99FC23DF2BC24A5100F9CE4E /* FirebaseAnalyticsSwift in Frameworks */ = {isa = PBXBuildFile; productRef = 99FC23DE2BC24A5100F9CE4E /* FirebaseAnalyticsSwift */; };
		99FC23E12BC24A5100F9CE4E /* FirebaseAnalyticsWithoutAdIdSupport in Frameworks */ = {isa = PBXBuildFile; productRef = 99FC23E02BC24A5100F9CE4E /* FirebaseAnalyticsWithoutAdIdSupport */; };
		99FC23E52BC24AC300F9CE4E /* HomeViewModel.swift in Sources */ = {isa = PBXBuildFile; fileRef = 99FC23E42BC24AC300F9CE4E /* HomeViewModel.swift */; };
		99FC23E92BC250DC00F9CE4E /* JoinRoom.swift in Sources */ = {isa = PBXBuildFile; fileRef = 99FC23E82BC250DC00F9CE4E /* JoinRoom.swift */; };
		99FC23EB2BC2FDB000F9CE4E /* FirebaseAnalytics in Frameworks */ = {isa = PBXBuildFile; productRef = 99FC23EA2BC2FDB000F9CE4E /* FirebaseAnalytics */; };
		99FC23ED2BC2FDB000F9CE4E /* FirebaseAnalyticsOnDeviceConversion in Frameworks */ = {isa = PBXBuildFile; productRef = 99FC23EC2BC2FDB000F9CE4E /* FirebaseAnalyticsOnDeviceConversion */; };
		99FC23EF2BC2FDB000F9CE4E /* FirebaseAnalyticsSwift in Frameworks */ = {isa = PBXBuildFile; productRef = 99FC23EE2BC2FDB000F9CE4E /* FirebaseAnalyticsSwift */; };
		99FC23F12BC2FDB000F9CE4E /* FirebaseAnalyticsWithoutAdIdSupport in Frameworks */ = {isa = PBXBuildFile; productRef = 99FC23F02BC2FDB000F9CE4E /* FirebaseAnalyticsWithoutAdIdSupport */; };
		99FC23F52BC2FDB000F9CE4E /* FirebaseAppDistribution-Beta in Frameworks */ = {isa = PBXBuildFile; productRef = 99FC23F42BC2FDB000F9CE4E /* FirebaseAppDistribution-Beta */; };
		99FC23F72BC2FDB000F9CE4E /* FirebaseAuth in Frameworks */ = {isa = PBXBuildFile; productRef = 99FC23F62BC2FDB000F9CE4E /* FirebaseAuth */; };
		99FC23F92BC2FDB000F9CE4E /* FirebaseAuthCombine-Community in Frameworks */ = {isa = PBXBuildFile; productRef = 99FC23F82BC2FDB000F9CE4E /* FirebaseAuthCombine-Community */; };
		99FC23FB2BC2FDB000F9CE4E /* FirebaseCrashlytics in Frameworks */ = {isa = PBXBuildFile; productRef = 99FC23FA2BC2FDB000F9CE4E /* FirebaseCrashlytics */; };
		99FC23FD2BC2FDB000F9CE4E /* FirebaseDatabase in Frameworks */ = {isa = PBXBuildFile; productRef = 99FC23FC2BC2FDB000F9CE4E /* FirebaseDatabase */; };
		99FC23FF2BC2FDB000F9CE4E /* FirebaseDatabaseSwift in Frameworks */ = {isa = PBXBuildFile; productRef = 99FC23FE2BC2FDB000F9CE4E /* FirebaseDatabaseSwift */; };
		99FC24012BC2FDB000F9CE4E /* FirebaseDynamicLinks in Frameworks */ = {isa = PBXBuildFile; productRef = 99FC24002BC2FDB000F9CE4E /* FirebaseDynamicLinks */; };
		99FC24032BC2FDB000F9CE4E /* FirebaseFirestore in Frameworks */ = {isa = PBXBuildFile; productRef = 99FC24022BC2FDB000F9CE4E /* FirebaseFirestore */; };
		99FC24052BC2FDB000F9CE4E /* FirebaseFirestoreCombine-Community in Frameworks */ = {isa = PBXBuildFile; productRef = 99FC24042BC2FDB000F9CE4E /* FirebaseFirestoreCombine-Community */; };
		99FC24072BC2FDB000F9CE4E /* FirebaseFirestoreSwift in Frameworks */ = {isa = PBXBuildFile; productRef = 99FC24062BC2FDB000F9CE4E /* FirebaseFirestoreSwift */; };
		99FC24092BC2FDB000F9CE4E /* FirebaseFunctions in Frameworks */ = {isa = PBXBuildFile; productRef = 99FC24082BC2FDB000F9CE4E /* FirebaseFunctions */; };
		99FC240B2BC2FDB000F9CE4E /* FirebaseFunctionsCombine-Community in Frameworks */ = {isa = PBXBuildFile; productRef = 99FC240A2BC2FDB000F9CE4E /* FirebaseFunctionsCombine-Community */; };
		99FC240D2BC2FDB000F9CE4E /* FirebaseInAppMessaging-Beta in Frameworks */ = {isa = PBXBuildFile; productRef = 99FC240C2BC2FDB000F9CE4E /* FirebaseInAppMessaging-Beta */; };
		99FC240F2BC2FDB000F9CE4E /* FirebaseInAppMessagingSwift-Beta in Frameworks */ = {isa = PBXBuildFile; productRef = 99FC240E2BC2FDB000F9CE4E /* FirebaseInAppMessagingSwift-Beta */; };
		99FC24112BC2FDB000F9CE4E /* FirebaseInstallations in Frameworks */ = {isa = PBXBuildFile; productRef = 99FC24102BC2FDB000F9CE4E /* FirebaseInstallations */; };
		99FC24132BC2FDB000F9CE4E /* FirebaseMLModelDownloader in Frameworks */ = {isa = PBXBuildFile; productRef = 99FC24122BC2FDB000F9CE4E /* FirebaseMLModelDownloader */; };
		99FC24152BC2FDB000F9CE4E /* FirebaseMessaging in Frameworks */ = {isa = PBXBuildFile; productRef = 99FC24142BC2FDB000F9CE4E /* FirebaseMessaging */; };
		99FC24172BC2FDB000F9CE4E /* FirebasePerformance in Frameworks */ = {isa = PBXBuildFile; productRef = 99FC24162BC2FDB000F9CE4E /* FirebasePerformance */; };
		99FC24192BC2FDB000F9CE4E /* FirebaseRemoteConfig in Frameworks */ = {isa = PBXBuildFile; productRef = 99FC24182BC2FDB000F9CE4E /* FirebaseRemoteConfig */; };
		99FC241B2BC2FDB000F9CE4E /* FirebaseRemoteConfigSwift in Frameworks */ = {isa = PBXBuildFile; productRef = 99FC241A2BC2FDB000F9CE4E /* FirebaseRemoteConfigSwift */; };
		99FC241D2BC2FDB000F9CE4E /* FirebaseStorage in Frameworks */ = {isa = PBXBuildFile; productRef = 99FC241C2BC2FDB000F9CE4E /* FirebaseStorage */; };
		99FC241F2BC2FDB000F9CE4E /* FirebaseStorageCombine-Community in Frameworks */ = {isa = PBXBuildFile; productRef = 99FC241E2BC2FDB000F9CE4E /* FirebaseStorageCombine-Community */; };
		99FC24212BC30C6700F9CE4E /* HostsRoom.swift in Sources */ = {isa = PBXBuildFile; fileRef = 99FC24202BC30C6700F9CE4E /* HostsRoom.swift */; };
		99FC24232BC3127100F9CE4E /* LoginView.swift in Sources */ = {isa = PBXBuildFile; fileRef = 99FC24222BC3127100F9CE4E /* LoginView.swift */; };
		99FC24272BC312FD00F9CE4E /* AuthenticationManager.swift in Sources */ = {isa = PBXBuildFile; fileRef = 99FC24262BC312FD00F9CE4E /* AuthenticationManager.swift */; };
		99FC24292BC3139000F9CE4E /* KeyboardResponder.swift in Sources */ = {isa = PBXBuildFile; fileRef = 99FC24282BC3139000F9CE4E /* KeyboardResponder.swift */; };
		99FC242B2BC313BD00F9CE4E /* RegisterView.swift in Sources */ = {isa = PBXBuildFile; fileRef = 99FC242A2BC313BD00F9CE4E /* RegisterView.swift */; };
		99FC24372BC314B700F9CE4E /* times new roman.ttf in Resources */ = {isa = PBXBuildFile; fileRef = 99FC242C2BC314B700F9CE4E /* times new roman.ttf */; };
		99FC24382BC314B700F9CE4E /* Sailec Regular Italic.ttf in Resources */ = {isa = PBXBuildFile; fileRef = 99FC242D2BC314B700F9CE4E /* Sailec Regular Italic.ttf */; };
		99FC24392BC314B700F9CE4E /* Sailec Light.ttf in Resources */ = {isa = PBXBuildFile; fileRef = 99FC242E2BC314B700F9CE4E /* Sailec Light.ttf */; };
		99FC243A2BC314B700F9CE4E /* Sailec Bold.ttf in Resources */ = {isa = PBXBuildFile; fileRef = 99FC242F2BC314B700F9CE4E /* Sailec Bold.ttf */; };
		99FC243B2BC314B700F9CE4E /* times new roman bold italic.ttf in Resources */ = {isa = PBXBuildFile; fileRef = 99FC24302BC314B700F9CE4E /* times new roman bold italic.ttf */; };
		99FC243C2BC314B700F9CE4E /* Sailec Thin.ttf in Resources */ = {isa = PBXBuildFile; fileRef = 99FC24312BC314B700F9CE4E /* Sailec Thin.ttf */; };
		99FC243D2BC314B700F9CE4E /* times new roman bold.ttf in Resources */ = {isa = PBXBuildFile; fileRef = 99FC24322BC314B700F9CE4E /* times new roman bold.ttf */; };
		99FC243E2BC314B700F9CE4E /* times new roman italic.ttf in Resources */ = {isa = PBXBuildFile; fileRef = 99FC24332BC314B700F9CE4E /* times new roman italic.ttf */; };
		99FC243F2BC314B700F9CE4E /* Sailec Medium.ttf in Resources */ = {isa = PBXBuildFile; fileRef = 99FC24342BC314B700F9CE4E /* Sailec Medium.ttf */; };
		99FC24402BC314B700F9CE4E /* EtruscoNowCondensed Bold.ttf in Resources */ = {isa = PBXBuildFile; fileRef = 99FC24352BC314B700F9CE4E /* EtruscoNowCondensed Bold.ttf */; };
		99FC24412BC314B700F9CE4E /* EtruscoNow Medium.ttf in Resources */ = {isa = PBXBuildFile; fileRef = 99FC24362BC314B700F9CE4E /* EtruscoNow Medium.ttf */; };
		99FC24442BC31CEB00F9CE4E /* RoomModel.swift in Sources */ = {isa = PBXBuildFile; fileRef = 99FC24432BC31CEB00F9CE4E /* RoomModel.swift */; };
		99FC24462BC326C000F9CE4E /* EnterRoomNameWidget.swift in Sources */ = {isa = PBXBuildFile; fileRef = 99FC24452BC326C000F9CE4E /* EnterRoomNameWidget.swift */; };
		99FC24482BC3571400F9CE4E /* HostsRoomViewModel.swift in Sources */ = {isa = PBXBuildFile; fileRef = 99FC24472BC3571400F9CE4E /* HostsRoomViewModel.swift */; };
		99FC244C2BC3601100F9CE4E /* ParticipantsView.swift in Sources */ = {isa = PBXBuildFile; fileRef = 99FC244B2BC3601100F9CE4E /* ParticipantsView.swift */; };
		99FC24502BC3631600F9CE4E /* EnterRoomIDWidget.swift in Sources */ = {isa = PBXBuildFile; fileRef = 99FC244F2BC3631600F9CE4E /* EnterRoomIDWidget.swift */; };
		99FC24522BC3646000F9CE4E /* ParticipantsViewModel.swift in Sources */ = {isa = PBXBuildFile; fileRef = 99FC24512BC3645F00F9CE4E /* ParticipantsViewModel.swift */; };
		99FC24542BC6051800F9CE4E /* PagesHolderView.swift in Sources */ = {isa = PBXBuildFile; fileRef = 99FC24532BC6051700F9CE4E /* PagesHolderView.swift */; };
		99FC24562BC6053500F9CE4E /* PageType.swift in Sources */ = {isa = PBXBuildFile; fileRef = 99FC24552BC6053500F9CE4E /* PageType.swift */; };
		99FC24582BC60C6B00F9CE4E /* MessageManager.swift in Sources */ = {isa = PBXBuildFile; fileRef = 99FC24572BC60C6B00F9CE4E /* MessageManager.swift */; };
		99FC245A2BC60C8700F9CE4E /* Message.swift in Sources */ = {isa = PBXBuildFile; fileRef = 99FC24592BC60C8700F9CE4E /* Message.swift */; };
		99FC245C2BC6108A00F9CE4E /* ChatBubble.swift in Sources */ = {isa = PBXBuildFile; fileRef = 99FC245B2BC6108A00F9CE4E /* ChatBubble.swift */; };
		99FC245E2BC611CF00F9CE4E /* ChatView.swift in Sources */ = {isa = PBXBuildFile; fileRef = 99FC245D2BC611CF00F9CE4E /* ChatView.swift */; };
		99FC24622BC8542B00F9CE4E /* TaskModel.swift in Sources */ = {isa = PBXBuildFile; fileRef = 99FC24612BC8542B00F9CE4E /* TaskModel.swift */; };
		99FC24642BC8676C00F9CE4E /* TaskView.swift in Sources */ = {isa = PBXBuildFile; fileRef = 99FC24632BC8676C00F9CE4E /* TaskView.swift */; };
		99FC24662BC8758600F9CE4E /* TaskCreationView.swift in Sources */ = {isa = PBXBuildFile; fileRef = 99FC24652BC8758600F9CE4E /* TaskCreationView.swift */; };
		99FC24682BC875CA00F9CE4E /* TaskManager.swift in Sources */ = {isa = PBXBuildFile; fileRef = 99FC24672BC875CA00F9CE4E /* TaskManager.swift */; };
/* End PBXBuildFile section */

/* Begin PBXFileReference section */
		99FC23BF2BC1FAB400F9CE4E /* StudyApp.app */ = {isa = PBXFileReference; explicitFileType = wrapper.application; includeInIndex = 0; path = StudyApp.app; sourceTree = BUILT_PRODUCTS_DIR; };
		99FC23C22BC1FAB400F9CE4E /* StudyAppApp.swift */ = {isa = PBXFileReference; lastKnownFileType = sourcecode.swift; path = StudyAppApp.swift; sourceTree = "<group>"; };
		99FC23C42BC1FAB400F9CE4E /* ContentView.swift */ = {isa = PBXFileReference; lastKnownFileType = sourcecode.swift; path = ContentView.swift; sourceTree = "<group>"; };
		99FC23C62BC1FAB500F9CE4E /* Assets.xcassets */ = {isa = PBXFileReference; lastKnownFileType = folder.assetcatalog; path = Assets.xcassets; sourceTree = "<group>"; };
		99FC23C92BC1FAB500F9CE4E /* Preview Assets.xcassets */ = {isa = PBXFileReference; lastKnownFileType = folder.assetcatalog; path = "Preview Assets.xcassets"; sourceTree = "<group>"; };
		99FC23D52BC20A0300F9CE4E /* Home.swift */ = {isa = PBXFileReference; lastKnownFileType = sourcecode.swift; path = Home.swift; sourceTree = "<group>"; };
		99FC23D72BC24A1800F9CE4E /* GoogleService-Info.plist */ = {isa = PBXFileReference; fileEncoding = 4; lastKnownFileType = text.plist.xml; path = "GoogleService-Info.plist"; sourceTree = "<group>"; };
		99FC23E42BC24AC300F9CE4E /* HomeViewModel.swift */ = {isa = PBXFileReference; lastKnownFileType = sourcecode.swift; path = HomeViewModel.swift; sourceTree = "<group>"; };
		99FC23E82BC250DC00F9CE4E /* JoinRoom.swift */ = {isa = PBXFileReference; lastKnownFileType = sourcecode.swift; path = JoinRoom.swift; sourceTree = "<group>"; };
		99FC24202BC30C6700F9CE4E /* HostsRoom.swift */ = {isa = PBXFileReference; lastKnownFileType = sourcecode.swift; path = HostsRoom.swift; sourceTree = "<group>"; };
		99FC24222BC3127100F9CE4E /* LoginView.swift */ = {isa = PBXFileReference; lastKnownFileType = sourcecode.swift; path = LoginView.swift; sourceTree = "<group>"; };
		99FC24262BC312FD00F9CE4E /* AuthenticationManager.swift */ = {isa = PBXFileReference; lastKnownFileType = sourcecode.swift; path = AuthenticationManager.swift; sourceTree = "<group>"; };
		99FC24282BC3139000F9CE4E /* KeyboardResponder.swift */ = {isa = PBXFileReference; lastKnownFileType = sourcecode.swift; path = KeyboardResponder.swift; sourceTree = "<group>"; };
		99FC242A2BC313BD00F9CE4E /* RegisterView.swift */ = {isa = PBXFileReference; lastKnownFileType = sourcecode.swift; path = RegisterView.swift; sourceTree = "<group>"; };
		99FC242C2BC314B700F9CE4E /* times new roman.ttf */ = {isa = PBXFileReference; lastKnownFileType = file; path = "times new roman.ttf"; sourceTree = "<group>"; };
		99FC242D2BC314B700F9CE4E /* Sailec Regular Italic.ttf */ = {isa = PBXFileReference; lastKnownFileType = file; path = "Sailec Regular Italic.ttf"; sourceTree = "<group>"; };
		99FC242E2BC314B700F9CE4E /* Sailec Light.ttf */ = {isa = PBXFileReference; lastKnownFileType = file; path = "Sailec Light.ttf"; sourceTree = "<group>"; };
		99FC242F2BC314B700F9CE4E /* Sailec Bold.ttf */ = {isa = PBXFileReference; lastKnownFileType = file; path = "Sailec Bold.ttf"; sourceTree = "<group>"; };
		99FC24302BC314B700F9CE4E /* times new roman bold italic.ttf */ = {isa = PBXFileReference; lastKnownFileType = file; path = "times new roman bold italic.ttf"; sourceTree = "<group>"; };
		99FC24312BC314B700F9CE4E /* Sailec Thin.ttf */ = {isa = PBXFileReference; lastKnownFileType = file; path = "Sailec Thin.ttf"; sourceTree = "<group>"; };
		99FC24322BC314B700F9CE4E /* times new roman bold.ttf */ = {isa = PBXFileReference; lastKnownFileType = file; path = "times new roman bold.ttf"; sourceTree = "<group>"; };
		99FC24332BC314B700F9CE4E /* times new roman italic.ttf */ = {isa = PBXFileReference; lastKnownFileType = file; path = "times new roman italic.ttf"; sourceTree = "<group>"; };
		99FC24342BC314B700F9CE4E /* Sailec Medium.ttf */ = {isa = PBXFileReference; lastKnownFileType = file; path = "Sailec Medium.ttf"; sourceTree = "<group>"; };
		99FC24352BC314B700F9CE4E /* EtruscoNowCondensed Bold.ttf */ = {isa = PBXFileReference; lastKnownFileType = file; path = "EtruscoNowCondensed Bold.ttf"; sourceTree = "<group>"; };
		99FC24362BC314B700F9CE4E /* EtruscoNow Medium.ttf */ = {isa = PBXFileReference; lastKnownFileType = file; path = "EtruscoNow Medium.ttf"; sourceTree = "<group>"; };
		99FC24422BC314C700F9CE4E /* Info.plist */ = {isa = PBXFileReference; lastKnownFileType = text.plist; path = Info.plist; sourceTree = "<group>"; };
		99FC24432BC31CEB00F9CE4E /* RoomModel.swift */ = {isa = PBXFileReference; lastKnownFileType = sourcecode.swift; path = RoomModel.swift; sourceTree = "<group>"; };
		99FC24452BC326C000F9CE4E /* EnterRoomNameWidget.swift */ = {isa = PBXFileReference; lastKnownFileType = sourcecode.swift; path = EnterRoomNameWidget.swift; sourceTree = "<group>"; };
		99FC24472BC3571400F9CE4E /* HostsRoomViewModel.swift */ = {isa = PBXFileReference; lastKnownFileType = sourcecode.swift; path = HostsRoomViewModel.swift; sourceTree = "<group>"; };
		99FC244B2BC3601100F9CE4E /* ParticipantsView.swift */ = {isa = PBXFileReference; lastKnownFileType = sourcecode.swift; path = ParticipantsView.swift; sourceTree = "<group>"; };
		99FC244F2BC3631600F9CE4E /* EnterRoomIDWidget.swift */ = {isa = PBXFileReference; lastKnownFileType = sourcecode.swift; path = EnterRoomIDWidget.swift; sourceTree = "<group>"; };
		99FC24512BC3645F00F9CE4E /* ParticipantsViewModel.swift */ = {isa = PBXFileReference; lastKnownFileType = sourcecode.swift; path = ParticipantsViewModel.swift; sourceTree = "<group>"; };
		99FC24532BC6051700F9CE4E /* PagesHolderView.swift */ = {isa = PBXFileReference; lastKnownFileType = sourcecode.swift; path = PagesHolderView.swift; sourceTree = "<group>"; };
		99FC24552BC6053500F9CE4E /* PageType.swift */ = {isa = PBXFileReference; lastKnownFileType = sourcecode.swift; path = PageType.swift; sourceTree = "<group>"; };
		99FC24572BC60C6B00F9CE4E /* MessageManager.swift */ = {isa = PBXFileReference; lastKnownFileType = sourcecode.swift; path = MessageManager.swift; sourceTree = "<group>"; };
		99FC24592BC60C8700F9CE4E /* Message.swift */ = {isa = PBXFileReference; lastKnownFileType = sourcecode.swift; path = Message.swift; sourceTree = "<group>"; };
		99FC245B2BC6108A00F9CE4E /* ChatBubble.swift */ = {isa = PBXFileReference; lastKnownFileType = sourcecode.swift; path = ChatBubble.swift; sourceTree = "<group>"; };
		99FC245D2BC611CF00F9CE4E /* ChatView.swift */ = {isa = PBXFileReference; lastKnownFileType = sourcecode.swift; path = ChatView.swift; sourceTree = "<group>"; };
		99FC24612BC8542B00F9CE4E /* TaskModel.swift */ = {isa = PBXFileReference; lastKnownFileType = sourcecode.swift; path = TaskModel.swift; sourceTree = "<group>"; };
		99FC24632BC8676C00F9CE4E /* TaskView.swift */ = {isa = PBXFileReference; lastKnownFileType = sourcecode.swift; path = TaskView.swift; sourceTree = "<group>"; };
		99FC24652BC8758600F9CE4E /* TaskCreationView.swift */ = {isa = PBXFileReference; lastKnownFileType = sourcecode.swift; path = TaskCreationView.swift; sourceTree = "<group>"; };
		99FC24672BC875CA00F9CE4E /* TaskManager.swift */ = {isa = PBXFileReference; lastKnownFileType = sourcecode.swift; path = TaskManager.swift; sourceTree = "<group>"; };
/* End PBXFileReference section */

/* Begin PBXFrameworksBuildPhase section */
		99FC23BC2BC1FAB400F9CE4E /* Frameworks */ = {
			isa = PBXFrameworksBuildPhase;
			buildActionMask = 2147483647;
			files = (
				99FC24152BC2FDB000F9CE4E /* FirebaseMessaging in Frameworks */,
				99FC24052BC2FDB000F9CE4E /* FirebaseFirestoreCombine-Community in Frameworks */,
				99FC23FD2BC2FDB000F9CE4E /* FirebaseDatabase in Frameworks */,
				99FC23DF2BC24A5100F9CE4E /* FirebaseAnalyticsSwift in Frameworks */,
				99FC241D2BC2FDB000F9CE4E /* FirebaseStorage in Frameworks */,
				99FC23DB2BC24A5100F9CE4E /* FirebaseAnalytics in Frameworks */,
				99FC23EB2BC2FDB000F9CE4E /* FirebaseAnalytics in Frameworks */,
				99FC23FB2BC2FDB000F9CE4E /* FirebaseCrashlytics in Frameworks */,
				99FC24032BC2FDB000F9CE4E /* FirebaseFirestore in Frameworks */,
				99FC24012BC2FDB000F9CE4E /* FirebaseDynamicLinks in Frameworks */,
				99FC241F2BC2FDB000F9CE4E /* FirebaseStorageCombine-Community in Frameworks */,
				99FC23ED2BC2FDB000F9CE4E /* FirebaseAnalyticsOnDeviceConversion in Frameworks */,
				99FC240B2BC2FDB000F9CE4E /* FirebaseFunctionsCombine-Community in Frameworks */,
				99FC240F2BC2FDB000F9CE4E /* FirebaseInAppMessagingSwift-Beta in Frameworks */,
				99FC24132BC2FDB000F9CE4E /* FirebaseMLModelDownloader in Frameworks */,
				99FC240D2BC2FDB000F9CE4E /* FirebaseInAppMessaging-Beta in Frameworks */,
				99FC24172BC2FDB000F9CE4E /* FirebasePerformance in Frameworks */,
				99FC23F92BC2FDB000F9CE4E /* FirebaseAuthCombine-Community in Frameworks */,
				99FC23EF2BC2FDB000F9CE4E /* FirebaseAnalyticsSwift in Frameworks */,
				99FC23FF2BC2FDB000F9CE4E /* FirebaseDatabaseSwift in Frameworks */,
				99FC23DD2BC24A5100F9CE4E /* FirebaseAnalyticsOnDeviceConversion in Frameworks */,
				99FC24192BC2FDB000F9CE4E /* FirebaseRemoteConfig in Frameworks */,
				99FC23F72BC2FDB000F9CE4E /* FirebaseAuth in Frameworks */,
				99FC24092BC2FDB000F9CE4E /* FirebaseFunctions in Frameworks */,
				99FC24112BC2FDB000F9CE4E /* FirebaseInstallations in Frameworks */,
				99FC24072BC2FDB000F9CE4E /* FirebaseFirestoreSwift in Frameworks */,
				99FC23F12BC2FDB000F9CE4E /* FirebaseAnalyticsWithoutAdIdSupport in Frameworks */,
				99FC241B2BC2FDB000F9CE4E /* FirebaseRemoteConfigSwift in Frameworks */,
				99FC23F52BC2FDB000F9CE4E /* FirebaseAppDistribution-Beta in Frameworks */,
				99FC23E12BC24A5100F9CE4E /* FirebaseAnalyticsWithoutAdIdSupport in Frameworks */,
			);
			runOnlyForDeploymentPostprocessing = 0;
		};
/* End PBXFrameworksBuildPhase section */

/* Begin PBXGroup section */
		99FC23B62BC1FAB400F9CE4E = {
			isa = PBXGroup;
			children = (
				99FC23C12BC1FAB400F9CE4E /* StudyApp */,
				99FC23C02BC1FAB400F9CE4E /* Products */,
			);
			sourceTree = "<group>";
		};
		99FC23C02BC1FAB400F9CE4E /* Products */ = {
			isa = PBXGroup;
			children = (
				99FC23BF2BC1FAB400F9CE4E /* StudyApp.app */,
			);
			name = Products;
			sourceTree = "<group>";
		};
		99FC23C12BC1FAB400F9CE4E /* StudyApp */ = {
			isa = PBXGroup;
			children = (
				99FC24422BC314C700F9CE4E /* Info.plist */,
				99FC23D72BC24A1800F9CE4E /* GoogleService-Info.plist */,
				99FC23D42BC1FADA00F9CE4E /* Fonts */,
				99FC23D32BC1FAD400F9CE4E /* Managers */,
				99FC23D22BC1FACC00F9CE4E /* View Models */,
				99FC23D12BC1FAC600F9CE4E /* Models */,
				99FC23D02BC1FABE00F9CE4E /* Views */,
				99FC23C22BC1FAB400F9CE4E /* StudyAppApp.swift */,
				99FC23C42BC1FAB400F9CE4E /* ContentView.swift */,
				99FC23C62BC1FAB500F9CE4E /* Assets.xcassets */,
				99FC23C82BC1FAB500F9CE4E /* Preview Content */,
			);
			path = StudyApp;
			sourceTree = "<group>";
		};
		99FC23C82BC1FAB500F9CE4E /* Preview Content */ = {
			isa = PBXGroup;
			children = (
				99FC23C92BC1FAB500F9CE4E /* Preview Assets.xcassets */,
			);
			path = "Preview Content";
			sourceTree = "<group>";
		};
		99FC23D02BC1FABE00F9CE4E /* Views */ = {
			isa = PBXGroup;
			children = (
				99FC23D52BC20A0300F9CE4E /* Home.swift */,
				99FC23E82BC250DC00F9CE4E /* JoinRoom.swift */,
				99FC24202BC30C6700F9CE4E /* HostsRoom.swift */,
				99FC24222BC3127100F9CE4E /* LoginView.swift */,
				99FC242A2BC313BD00F9CE4E /* RegisterView.swift */,
				99FC24452BC326C000F9CE4E /* EnterRoomNameWidget.swift */,
				99FC244B2BC3601100F9CE4E /* ParticipantsView.swift */,
				99FC244F2BC3631600F9CE4E /* EnterRoomIDWidget.swift */,
				99FC24532BC6051700F9CE4E /* PagesHolderView.swift */,
				99FC245B2BC6108A00F9CE4E /* ChatBubble.swift */,
				99FC245D2BC611CF00F9CE4E /* ChatView.swift */,
				99FC24632BC8676C00F9CE4E /* TaskView.swift */,
				99FC24652BC8758600F9CE4E /* TaskCreationView.swift */,
			);
			path = Views;
			sourceTree = "<group>";
		};
		99FC23D12BC1FAC600F9CE4E /* Models */ = {
			isa = PBXGroup;
			children = (
				99FC24432BC31CEB00F9CE4E /* RoomModel.swift */,
				99FC24552BC6053500F9CE4E /* PageType.swift */,
				99FC24592BC60C8700F9CE4E /* Message.swift */,
				99FC24612BC8542B00F9CE4E /* TaskModel.swift */,
			);
			path = Models;
			sourceTree = "<group>";
		};
		99FC23D22BC1FACC00F9CE4E /* View Models */ = {
			isa = PBXGroup;
			children = (
				99FC24472BC3571400F9CE4E /* HostsRoomViewModel.swift */,
				99FC23E42BC24AC300F9CE4E /* HomeViewModel.swift */,
				99FC24512BC3645F00F9CE4E /* ParticipantsViewModel.swift */,
			);
			path = "View Models";
			sourceTree = "<group>";
		};
		99FC23D32BC1FAD400F9CE4E /* Managers */ = {
			isa = PBXGroup;
			children = (
				99FC24262BC312FD00F9CE4E /* AuthenticationManager.swift */,
				99FC24282BC3139000F9CE4E /* KeyboardResponder.swift */,
				99FC24572BC60C6B00F9CE4E /* MessageManager.swift */,
				99FC24672BC875CA00F9CE4E /* TaskManager.swift */,
			);
			path = Managers;
			sourceTree = "<group>";
		};
		99FC23D42BC1FADA00F9CE4E /* Fonts */ = {
			isa = PBXGroup;
			children = (
				99FC24362BC314B700F9CE4E /* EtruscoNow Medium.ttf */,
				99FC24352BC314B700F9CE4E /* EtruscoNowCondensed Bold.ttf */,
				99FC242F2BC314B700F9CE4E /* Sailec Bold.ttf */,
				99FC242E2BC314B700F9CE4E /* Sailec Light.ttf */,
				99FC24342BC314B700F9CE4E /* Sailec Medium.ttf */,
				99FC242D2BC314B700F9CE4E /* Sailec Regular Italic.ttf */,
				99FC24312BC314B700F9CE4E /* Sailec Thin.ttf */,
				99FC24302BC314B700F9CE4E /* times new roman bold italic.ttf */,
				99FC24322BC314B700F9CE4E /* times new roman bold.ttf */,
				99FC24332BC314B700F9CE4E /* times new roman italic.ttf */,
				99FC242C2BC314B700F9CE4E /* times new roman.ttf */,
			);
			path = Fonts;
			sourceTree = "<group>";
		};
/* End PBXGroup section */

/* Begin PBXNativeTarget section */
		99FC23BE2BC1FAB400F9CE4E /* StudyApp */ = {
			isa = PBXNativeTarget;
			buildConfigurationList = 99FC23CD2BC1FAB500F9CE4E /* Build configuration list for PBXNativeTarget "StudyApp" */;
			buildPhases = (
				99FC23BB2BC1FAB400F9CE4E /* Sources */,
				99FC23BC2BC1FAB400F9CE4E /* Frameworks */,
				99FC23BD2BC1FAB400F9CE4E /* Resources */,
			);
			buildRules = (
			);
			dependencies = (
			);
			name = StudyApp;
			packageProductDependencies = (
				99FC23DA2BC24A5100F9CE4E /* FirebaseAnalytics */,
				99FC23DC2BC24A5100F9CE4E /* FirebaseAnalyticsOnDeviceConversion */,
				99FC23DE2BC24A5100F9CE4E /* FirebaseAnalyticsSwift */,
				99FC23E02BC24A5100F9CE4E /* FirebaseAnalyticsWithoutAdIdSupport */,
				99FC23EA2BC2FDB000F9CE4E /* FirebaseAnalytics */,
				99FC23EC2BC2FDB000F9CE4E /* FirebaseAnalyticsOnDeviceConversion */,
				99FC23EE2BC2FDB000F9CE4E /* FirebaseAnalyticsSwift */,
				99FC23F02BC2FDB000F9CE4E /* FirebaseAnalyticsWithoutAdIdSupport */,
				99FC23F42BC2FDB000F9CE4E /* FirebaseAppDistribution-Beta */,
				99FC23F62BC2FDB000F9CE4E /* FirebaseAuth */,
				99FC23F82BC2FDB000F9CE4E /* FirebaseAuthCombine-Community */,
				99FC23FA2BC2FDB000F9CE4E /* FirebaseCrashlytics */,
				99FC23FC2BC2FDB000F9CE4E /* FirebaseDatabase */,
				99FC23FE2BC2FDB000F9CE4E /* FirebaseDatabaseSwift */,
				99FC24002BC2FDB000F9CE4E /* FirebaseDynamicLinks */,
				99FC24022BC2FDB000F9CE4E /* FirebaseFirestore */,
				99FC24042BC2FDB000F9CE4E /* FirebaseFirestoreCombine-Community */,
				99FC24062BC2FDB000F9CE4E /* FirebaseFirestoreSwift */,
				99FC24082BC2FDB000F9CE4E /* FirebaseFunctions */,
				99FC240A2BC2FDB000F9CE4E /* FirebaseFunctionsCombine-Community */,
				99FC240C2BC2FDB000F9CE4E /* FirebaseInAppMessaging-Beta */,
				99FC240E2BC2FDB000F9CE4E /* FirebaseInAppMessagingSwift-Beta */,
				99FC24102BC2FDB000F9CE4E /* FirebaseInstallations */,
				99FC24122BC2FDB000F9CE4E /* FirebaseMLModelDownloader */,
				99FC24142BC2FDB000F9CE4E /* FirebaseMessaging */,
				99FC24162BC2FDB000F9CE4E /* FirebasePerformance */,
				99FC24182BC2FDB000F9CE4E /* FirebaseRemoteConfig */,
				99FC241A2BC2FDB000F9CE4E /* FirebaseRemoteConfigSwift */,
				99FC241C2BC2FDB000F9CE4E /* FirebaseStorage */,
				99FC241E2BC2FDB000F9CE4E /* FirebaseStorageCombine-Community */,
			);
			productName = StudyApp;
			productReference = 99FC23BF2BC1FAB400F9CE4E /* StudyApp.app */;
			productType = "com.apple.product-type.application";
		};
/* End PBXNativeTarget section */

/* Begin PBXProject section */
		99FC23B72BC1FAB400F9CE4E /* Project object */ = {
			isa = PBXProject;
			attributes = {
				BuildIndependentTargetsInParallel = 1;
				LastSwiftUpdateCheck = 1520;
				LastUpgradeCheck = 1520;
				TargetAttributes = {
					99FC23BE2BC1FAB400F9CE4E = {
						CreatedOnToolsVersion = 15.2;
					};
				};
			};
			buildConfigurationList = 99FC23BA2BC1FAB400F9CE4E /* Build configuration list for PBXProject "StudyApp" */;
			compatibilityVersion = "Xcode 14.0";
			developmentRegion = en;
			hasScannedForEncodings = 0;
			knownRegions = (
				en,
				Base,
			);
			mainGroup = 99FC23B62BC1FAB400F9CE4E;
			packageReferences = (
				99FC23D92BC24A5100F9CE4E /* XCRemoteSwiftPackageReference "firebase-ios-sdk" */,
			);
			productRefGroup = 99FC23C02BC1FAB400F9CE4E /* Products */;
			projectDirPath = "";
			projectRoot = "";
			targets = (
				99FC23BE2BC1FAB400F9CE4E /* StudyApp */,
			);
		};
/* End PBXProject section */

/* Begin PBXResourcesBuildPhase section */
		99FC23BD2BC1FAB400F9CE4E /* Resources */ = {
			isa = PBXResourcesBuildPhase;
			buildActionMask = 2147483647;
			files = (
				99FC24382BC314B700F9CE4E /* Sailec Regular Italic.ttf in Resources */,
				99FC24372BC314B700F9CE4E /* times new roman.ttf in Resources */,
				99FC243D2BC314B700F9CE4E /* times new roman bold.ttf in Resources */,
				99FC243C2BC314B700F9CE4E /* Sailec Thin.ttf in Resources */,
				99FC23CA2BC1FAB500F9CE4E /* Preview Assets.xcassets in Resources */,
				99FC24412BC314B700F9CE4E /* EtruscoNow Medium.ttf in Resources */,
				99FC243B2BC314B700F9CE4E /* times new roman bold italic.ttf in Resources */,
				99FC24392BC314B700F9CE4E /* Sailec Light.ttf in Resources */,
				99FC243F2BC314B700F9CE4E /* Sailec Medium.ttf in Resources */,
				99FC243A2BC314B700F9CE4E /* Sailec Bold.ttf in Resources */,
				99FC24402BC314B700F9CE4E /* EtruscoNowCondensed Bold.ttf in Resources */,
				99FC23C72BC1FAB500F9CE4E /* Assets.xcassets in Resources */,
				99FC243E2BC314B700F9CE4E /* times new roman italic.ttf in Resources */,
				99FC23D82BC24A1800F9CE4E /* GoogleService-Info.plist in Resources */,
			);
			runOnlyForDeploymentPostprocessing = 0;
		};
/* End PBXResourcesBuildPhase section */

/* Begin PBXSourcesBuildPhase section */
		99FC23BB2BC1FAB400F9CE4E /* Sources */ = {
			isa = PBXSourcesBuildPhase;
			buildActionMask = 2147483647;
			files = (
				99FC244C2BC3601100F9CE4E /* ParticipantsView.swift in Sources */,
				99FC24622BC8542B00F9CE4E /* TaskModel.swift in Sources */,
				99FC24212BC30C6700F9CE4E /* HostsRoom.swift in Sources */,
				99FC24542BC6051800F9CE4E /* PagesHolderView.swift in Sources */,
				99FC242B2BC313BD00F9CE4E /* RegisterView.swift in Sources */,
				99FC245E2BC611CF00F9CE4E /* ChatView.swift in Sources */,
				99FC24502BC3631600F9CE4E /* EnterRoomIDWidget.swift in Sources */,
				99FC24522BC3646000F9CE4E /* ParticipantsViewModel.swift in Sources */,
				99FC24582BC60C6B00F9CE4E /* MessageManager.swift in Sources */,
				99FC24232BC3127100F9CE4E /* LoginView.swift in Sources */,
				99FC23C52BC1FAB400F9CE4E /* ContentView.swift in Sources */,
				99FC24292BC3139000F9CE4E /* KeyboardResponder.swift in Sources */,
				99FC24442BC31CEB00F9CE4E /* RoomModel.swift in Sources */,
				99FC24272BC312FD00F9CE4E /* AuthenticationManager.swift in Sources */,
				99FC24482BC3571400F9CE4E /* HostsRoomViewModel.swift in Sources */,
				99FC24662BC8758600F9CE4E /* TaskCreationView.swift in Sources */,
				99FC24682BC875CA00F9CE4E /* TaskManager.swift in Sources */,
				99FC24642BC8676C00F9CE4E /* TaskView.swift in Sources */,
				99FC245C2BC6108A00F9CE4E /* ChatBubble.swift in Sources */,
				99FC23D62BC20A0300F9CE4E /* Home.swift in Sources */,
				99FC24462BC326C000F9CE4E /* EnterRoomNameWidget.swift in Sources */,
				99FC24562BC6053500F9CE4E /* PageType.swift in Sources */,
				99FC23C32BC1FAB400F9CE4E /* StudyAppApp.swift in Sources */,
				99FC245A2BC60C8700F9CE4E /* Message.swift in Sources */,
				99FC23E92BC250DC00F9CE4E /* JoinRoom.swift in Sources */,
				99FC23E52BC24AC300F9CE4E /* HomeViewModel.swift in Sources */,
			);
			runOnlyForDeploymentPostprocessing = 0;
		};
/* End PBXSourcesBuildPhase section */

/* Begin XCBuildConfiguration section */
		99FC23CB2BC1FAB500F9CE4E /* Debug */ = {
			isa = XCBuildConfiguration;
			buildSettings = {
				ALWAYS_SEARCH_USER_PATHS = NO;
				ASSETCATALOG_COMPILER_GENERATE_SWIFT_ASSET_SYMBOL_EXTENSIONS = YES;
				CLANG_ANALYZER_NONNULL = YES;
				CLANG_ANALYZER_NUMBER_OBJECT_CONVERSION = YES_AGGRESSIVE;
				CLANG_CXX_LANGUAGE_STANDARD = "gnu++20";
				CLANG_ENABLE_MODULES = YES;
				CLANG_ENABLE_OBJC_ARC = YES;
				CLANG_ENABLE_OBJC_WEAK = YES;
				CLANG_WARN_BLOCK_CAPTURE_AUTORELEASING = YES;
				CLANG_WARN_BOOL_CONVERSION = YES;
				CLANG_WARN_COMMA = YES;
				CLANG_WARN_CONSTANT_CONVERSION = YES;
				CLANG_WARN_DEPRECATED_OBJC_IMPLEMENTATIONS = YES;
				CLANG_WARN_DIRECT_OBJC_ISA_USAGE = YES_ERROR;
				CLANG_WARN_DOCUMENTATION_COMMENTS = YES;
				CLANG_WARN_EMPTY_BODY = YES;
				CLANG_WARN_ENUM_CONVERSION = YES;
				CLANG_WARN_INFINITE_RECURSION = YES;
				CLANG_WARN_INT_CONVERSION = YES;
				CLANG_WARN_NON_LITERAL_NULL_CONVERSION = YES;
				CLANG_WARN_OBJC_IMPLICIT_RETAIN_SELF = YES;
				CLANG_WARN_OBJC_LITERAL_CONVERSION = YES;
				CLANG_WARN_OBJC_ROOT_CLASS = YES_ERROR;
				CLANG_WARN_QUOTED_INCLUDE_IN_FRAMEWORK_HEADER = YES;
				CLANG_WARN_RANGE_LOOP_ANALYSIS = YES;
				CLANG_WARN_STRICT_PROTOTYPES = YES;
				CLANG_WARN_SUSPICIOUS_MOVE = YES;
				CLANG_WARN_UNGUARDED_AVAILABILITY = YES_AGGRESSIVE;
				CLANG_WARN_UNREACHABLE_CODE = YES;
				CLANG_WARN__DUPLICATE_METHOD_MATCH = YES;
				COPY_PHASE_STRIP = NO;
				DEBUG_INFORMATION_FORMAT = dwarf;
				ENABLE_STRICT_OBJC_MSGSEND = YES;
				ENABLE_TESTABILITY = YES;
				ENABLE_USER_SCRIPT_SANDBOXING = YES;
				GCC_C_LANGUAGE_STANDARD = gnu17;
				GCC_DYNAMIC_NO_PIC = NO;
				GCC_NO_COMMON_BLOCKS = YES;
				GCC_OPTIMIZATION_LEVEL = 0;
				GCC_PREPROCESSOR_DEFINITIONS = (
					"DEBUG=1",
					"$(inherited)",
				);
				GCC_WARN_64_TO_32_BIT_CONVERSION = YES;
				GCC_WARN_ABOUT_RETURN_TYPE = YES_ERROR;
				GCC_WARN_UNDECLARED_SELECTOR = YES;
				GCC_WARN_UNINITIALIZED_AUTOS = YES_AGGRESSIVE;
				GCC_WARN_UNUSED_FUNCTION = YES;
				GCC_WARN_UNUSED_VARIABLE = YES;
				IPHONEOS_DEPLOYMENT_TARGET = 17.2;
				LOCALIZATION_PREFERS_STRING_CATALOGS = YES;
				MTL_ENABLE_DEBUG_INFO = INCLUDE_SOURCE;
				MTL_FAST_MATH = YES;
				ONLY_ACTIVE_ARCH = YES;
				SDKROOT = iphoneos;
				SWIFT_ACTIVE_COMPILATION_CONDITIONS = "DEBUG $(inherited)";
				SWIFT_OPTIMIZATION_LEVEL = "-Onone";
			};
			name = Debug;
		};
		99FC23CC2BC1FAB500F9CE4E /* Release */ = {
			isa = XCBuildConfiguration;
			buildSettings = {
				ALWAYS_SEARCH_USER_PATHS = NO;
				ASSETCATALOG_COMPILER_GENERATE_SWIFT_ASSET_SYMBOL_EXTENSIONS = YES;
				CLANG_ANALYZER_NONNULL = YES;
				CLANG_ANALYZER_NUMBER_OBJECT_CONVERSION = YES_AGGRESSIVE;
				CLANG_CXX_LANGUAGE_STANDARD = "gnu++20";
				CLANG_ENABLE_MODULES = YES;
				CLANG_ENABLE_OBJC_ARC = YES;
				CLANG_ENABLE_OBJC_WEAK = YES;
				CLANG_WARN_BLOCK_CAPTURE_AUTORELEASING = YES;
				CLANG_WARN_BOOL_CONVERSION = YES;
				CLANG_WARN_COMMA = YES;
				CLANG_WARN_CONSTANT_CONVERSION = YES;
				CLANG_WARN_DEPRECATED_OBJC_IMPLEMENTATIONS = YES;
				CLANG_WARN_DIRECT_OBJC_ISA_USAGE = YES_ERROR;
				CLANG_WARN_DOCUMENTATION_COMMENTS = YES;
				CLANG_WARN_EMPTY_BODY = YES;
				CLANG_WARN_ENUM_CONVERSION = YES;
				CLANG_WARN_INFINITE_RECURSION = YES;
				CLANG_WARN_INT_CONVERSION = YES;
				CLANG_WARN_NON_LITERAL_NULL_CONVERSION = YES;
				CLANG_WARN_OBJC_IMPLICIT_RETAIN_SELF = YES;
				CLANG_WARN_OBJC_LITERAL_CONVERSION = YES;
				CLANG_WARN_OBJC_ROOT_CLASS = YES_ERROR;
				CLANG_WARN_QUOTED_INCLUDE_IN_FRAMEWORK_HEADER = YES;
				CLANG_WARN_RANGE_LOOP_ANALYSIS = YES;
				CLANG_WARN_STRICT_PROTOTYPES = YES;
				CLANG_WARN_SUSPICIOUS_MOVE = YES;
				CLANG_WARN_UNGUARDED_AVAILABILITY = YES_AGGRESSIVE;
				CLANG_WARN_UNREACHABLE_CODE = YES;
				CLANG_WARN__DUPLICATE_METHOD_MATCH = YES;
				COPY_PHASE_STRIP = NO;
				DEBUG_INFORMATION_FORMAT = "dwarf-with-dsym";
				ENABLE_NS_ASSERTIONS = NO;
				ENABLE_STRICT_OBJC_MSGSEND = YES;
				ENABLE_USER_SCRIPT_SANDBOXING = YES;
				GCC_C_LANGUAGE_STANDARD = gnu17;
				GCC_NO_COMMON_BLOCKS = YES;
				GCC_WARN_64_TO_32_BIT_CONVERSION = YES;
				GCC_WARN_ABOUT_RETURN_TYPE = YES_ERROR;
				GCC_WARN_UNDECLARED_SELECTOR = YES;
				GCC_WARN_UNINITIALIZED_AUTOS = YES_AGGRESSIVE;
				GCC_WARN_UNUSED_FUNCTION = YES;
				GCC_WARN_UNUSED_VARIABLE = YES;
				IPHONEOS_DEPLOYMENT_TARGET = 17.2;
				LOCALIZATION_PREFERS_STRING_CATALOGS = YES;
				MTL_ENABLE_DEBUG_INFO = NO;
				MTL_FAST_MATH = YES;
				SDKROOT = iphoneos;
				SWIFT_COMPILATION_MODE = wholemodule;
				VALIDATE_PRODUCT = YES;
			};
			name = Release;
		};
		99FC23CE2BC1FAB500F9CE4E /* Debug */ = {
			isa = XCBuildConfiguration;
			buildSettings = {
				ASSETCATALOG_COMPILER_APPICON_NAME = AppIcon;
				ASSETCATALOG_COMPILER_GLOBAL_ACCENT_COLOR_NAME = AccentColor;
				CODE_SIGN_STYLE = Automatic;
				CURRENT_PROJECT_VERSION = 1;
				DEVELOPMENT_ASSET_PATHS = "\"StudyApp/Preview Content\"";
				DEVELOPMENT_TEAM = NDZ2DG6484;
				ENABLE_PREVIEWS = YES;
				GENERATE_INFOPLIST_FILE = YES;
				INFOPLIST_FILE = StudyApp/Info.plist;
				INFOPLIST_KEY_UIApplicationSceneManifest_Generation = YES;
				INFOPLIST_KEY_UIApplicationSupportsIndirectInputEvents = YES;
				INFOPLIST_KEY_UILaunchScreen_Generation = YES;
				INFOPLIST_KEY_UISupportedInterfaceOrientations_iPad = "UIInterfaceOrientationPortrait UIInterfaceOrientationPortraitUpsideDown UIInterfaceOrientationLandscapeLeft UIInterfaceOrientationLandscapeRight";
				INFOPLIST_KEY_UISupportedInterfaceOrientations_iPhone = "UIInterfaceOrientationPortrait UIInterfaceOrientationLandscapeLeft UIInterfaceOrientationLandscapeRight";
				LD_RUNPATH_SEARCH_PATHS = (
					"$(inherited)",
					"@executable_path/Frameworks",
				);
				MARKETING_VERSION = 1.0;
				PRODUCT_BUNDLE_IDENTIFIER = com.StudyApp;
				PRODUCT_NAME = "$(TARGET_NAME)";
				SWIFT_EMIT_LOC_STRINGS = YES;
				SWIFT_VERSION = 5.0;
				TARGETED_DEVICE_FAMILY = "1,2";
			};
			name = Debug;
		};
		99FC23CF2BC1FAB500F9CE4E /* Release */ = {
			isa = XCBuildConfiguration;
			buildSettings = {
				ASSETCATALOG_COMPILER_APPICON_NAME = AppIcon;
				ASSETCATALOG_COMPILER_GLOBAL_ACCENT_COLOR_NAME = AccentColor;
				CODE_SIGN_STYLE = Automatic;
				CURRENT_PROJECT_VERSION = 1;
				DEVELOPMENT_ASSET_PATHS = "\"StudyApp/Preview Content\"";
				DEVELOPMENT_TEAM = NDZ2DG6484;
				ENABLE_PREVIEWS = YES;
				GENERATE_INFOPLIST_FILE = YES;
				INFOPLIST_FILE = StudyApp/Info.plist;
				INFOPLIST_KEY_UIApplicationSceneManifest_Generation = YES;
				INFOPLIST_KEY_UIApplicationSupportsIndirectInputEvents = YES;
				INFOPLIST_KEY_UILaunchScreen_Generation = YES;
				INFOPLIST_KEY_UISupportedInterfaceOrientations_iPad = "UIInterfaceOrientationPortrait UIInterfaceOrientationPortraitUpsideDown UIInterfaceOrientationLandscapeLeft UIInterfaceOrientationLandscapeRight";
				INFOPLIST_KEY_UISupportedInterfaceOrientations_iPhone = "UIInterfaceOrientationPortrait UIInterfaceOrientationLandscapeLeft UIInterfaceOrientationLandscapeRight";
				LD_RUNPATH_SEARCH_PATHS = (
					"$(inherited)",
					"@executable_path/Frameworks",
				);
				MARKETING_VERSION = 1.0;
				PRODUCT_BUNDLE_IDENTIFIER = com.StudyApp;
				PRODUCT_NAME = "$(TARGET_NAME)";
				SWIFT_EMIT_LOC_STRINGS = YES;
				SWIFT_VERSION = 5.0;
				TARGETED_DEVICE_FAMILY = "1,2";
			};
			name = Release;
		};
/* End XCBuildConfiguration section */

/* Begin XCConfigurationList section */
		99FC23BA2BC1FAB400F9CE4E /* Build configuration list for PBXProject "StudyApp" */ = {
			isa = XCConfigurationList;
			buildConfigurations = (
				99FC23CB2BC1FAB500F9CE4E /* Debug */,
				99FC23CC2BC1FAB500F9CE4E /* Release */,
			);
			defaultConfigurationIsVisible = 0;
			defaultConfigurationName = Release;
		};
		99FC23CD2BC1FAB500F9CE4E /* Build configuration list for PBXNativeTarget "StudyApp" */ = {
			isa = XCConfigurationList;
			buildConfigurations = (
				99FC23CE2BC1FAB500F9CE4E /* Debug */,
				99FC23CF2BC1FAB500F9CE4E /* Release */,
			);
			defaultConfigurationIsVisible = 0;
			defaultConfigurationName = Release;
		};
/* End XCConfigurationList section */

/* Begin XCRemoteSwiftPackageReference section */
		99FC23D92BC24A5100F9CE4E /* XCRemoteSwiftPackageReference "firebase-ios-sdk" */ = {
			isa = XCRemoteSwiftPackageReference;
			repositoryURL = "https://github.com/firebase/firebase-ios-sdk";
			requirement = {
				kind = upToNextMajorVersion;
				minimumVersion = 10.23.1;
			};
		};
/* End XCRemoteSwiftPackageReference section */

/* Begin XCSwiftPackageProductDependency section */
		99FC23DA2BC24A5100F9CE4E /* FirebaseAnalytics */ = {
			isa = XCSwiftPackageProductDependency;
			package = 99FC23D92BC24A5100F9CE4E /* XCRemoteSwiftPackageReference "firebase-ios-sdk" */;
			productName = FirebaseAnalytics;
		};
		99FC23DC2BC24A5100F9CE4E /* FirebaseAnalyticsOnDeviceConversion */ = {
			isa = XCSwiftPackageProductDependency;
			package = 99FC23D92BC24A5100F9CE4E /* XCRemoteSwiftPackageReference "firebase-ios-sdk" */;
			productName = FirebaseAnalyticsOnDeviceConversion;
		};
		99FC23DE2BC24A5100F9CE4E /* FirebaseAnalyticsSwift */ = {
			isa = XCSwiftPackageProductDependency;
			package = 99FC23D92BC24A5100F9CE4E /* XCRemoteSwiftPackageReference "firebase-ios-sdk" */;
			productName = FirebaseAnalyticsSwift;
		};
		99FC23E02BC24A5100F9CE4E /* FirebaseAnalyticsWithoutAdIdSupport */ = {
			isa = XCSwiftPackageProductDependency;
			package = 99FC23D92BC24A5100F9CE4E /* XCRemoteSwiftPackageReference "firebase-ios-sdk" */;
			productName = FirebaseAnalyticsWithoutAdIdSupport;
		};
		99FC23EA2BC2FDB000F9CE4E /* FirebaseAnalytics */ = {
			isa = XCSwiftPackageProductDependency;
			package = 99FC23D92BC24A5100F9CE4E /* XCRemoteSwiftPackageReference "firebase-ios-sdk" */;
			productName = FirebaseAnalytics;
		};
		99FC23EC2BC2FDB000F9CE4E /* FirebaseAnalyticsOnDeviceConversion */ = {
			isa = XCSwiftPackageProductDependency;
			package = 99FC23D92BC24A5100F9CE4E /* XCRemoteSwiftPackageReference "firebase-ios-sdk" */;
			productName = FirebaseAnalyticsOnDeviceConversion;
		};
		99FC23EE2BC2FDB000F9CE4E /* FirebaseAnalyticsSwift */ = {
			isa = XCSwiftPackageProductDependency;
			package = 99FC23D92BC24A5100F9CE4E /* XCRemoteSwiftPackageReference "firebase-ios-sdk" */;
			productName = FirebaseAnalyticsSwift;
		};
		99FC23F02BC2FDB000F9CE4E /* FirebaseAnalyticsWithoutAdIdSupport */ = {
			isa = XCSwiftPackageProductDependency;
			package = 99FC23D92BC24A5100F9CE4E /* XCRemoteSwiftPackageReference "firebase-ios-sdk" */;
			productName = FirebaseAnalyticsWithoutAdIdSupport;
		};
		99FC23F42BC2FDB000F9CE4E /* FirebaseAppDistribution-Beta */ = {
			isa = XCSwiftPackageProductDependency;
			package = 99FC23D92BC24A5100F9CE4E /* XCRemoteSwiftPackageReference "firebase-ios-sdk" */;
			productName = "FirebaseAppDistribution-Beta";
		};
		99FC23F62BC2FDB000F9CE4E /* FirebaseAuth */ = {
			isa = XCSwiftPackageProductDependency;
			package = 99FC23D92BC24A5100F9CE4E /* XCRemoteSwiftPackageReference "firebase-ios-sdk" */;
			productName = FirebaseAuth;
		};
		99FC23F82BC2FDB000F9CE4E /* FirebaseAuthCombine-Community */ = {
			isa = XCSwiftPackageProductDependency;
			package = 99FC23D92BC24A5100F9CE4E /* XCRemoteSwiftPackageReference "firebase-ios-sdk" */;
			productName = "FirebaseAuthCombine-Community";
		};
		99FC23FA2BC2FDB000F9CE4E /* FirebaseCrashlytics */ = {
			isa = XCSwiftPackageProductDependency;
			package = 99FC23D92BC24A5100F9CE4E /* XCRemoteSwiftPackageReference "firebase-ios-sdk" */;
			productName = FirebaseCrashlytics;
		};
		99FC23FC2BC2FDB000F9CE4E /* FirebaseDatabase */ = {
			isa = XCSwiftPackageProductDependency;
			package = 99FC23D92BC24A5100F9CE4E /* XCRemoteSwiftPackageReference "firebase-ios-sdk" */;
			productName = FirebaseDatabase;
		};
		99FC23FE2BC2FDB000F9CE4E /* FirebaseDatabaseSwift */ = {
			isa = XCSwiftPackageProductDependency;
			package = 99FC23D92BC24A5100F9CE4E /* XCRemoteSwiftPackageReference "firebase-ios-sdk" */;
			productName = FirebaseDatabaseSwift;
		};
		99FC24002BC2FDB000F9CE4E /* FirebaseDynamicLinks */ = {
			isa = XCSwiftPackageProductDependency;
			package = 99FC23D92BC24A5100F9CE4E /* XCRemoteSwiftPackageReference "firebase-ios-sdk" */;
			productName = FirebaseDynamicLinks;
		};
		99FC24022BC2FDB000F9CE4E /* FirebaseFirestore */ = {
			isa = XCSwiftPackageProductDependency;
			package = 99FC23D92BC24A5100F9CE4E /* XCRemoteSwiftPackageReference "firebase-ios-sdk" */;
			productName = FirebaseFirestore;
		};
		99FC24042BC2FDB000F9CE4E /* FirebaseFirestoreCombine-Community */ = {
			isa = XCSwiftPackageProductDependency;
			package = 99FC23D92BC24A5100F9CE4E /* XCRemoteSwiftPackageReference "firebase-ios-sdk" */;
			productName = "FirebaseFirestoreCombine-Community";
		};
		99FC24062BC2FDB000F9CE4E /* FirebaseFirestoreSwift */ = {
			isa = XCSwiftPackageProductDependency;
			package = 99FC23D92BC24A5100F9CE4E /* XCRemoteSwiftPackageReference "firebase-ios-sdk" */;
			productName = FirebaseFirestoreSwift;
		};
		99FC24082BC2FDB000F9CE4E /* FirebaseFunctions */ = {
			isa = XCSwiftPackageProductDependency;
			package = 99FC23D92BC24A5100F9CE4E /* XCRemoteSwiftPackageReference "firebase-ios-sdk" */;
			productName = FirebaseFunctions;
		};
		99FC240A2BC2FDB000F9CE4E /* FirebaseFunctionsCombine-Community */ = {
			isa = XCSwiftPackageProductDependency;
			package = 99FC23D92BC24A5100F9CE4E /* XCRemoteSwiftPackageReference "firebase-ios-sdk" */;
			productName = "FirebaseFunctionsCombine-Community";
		};
		99FC240C2BC2FDB000F9CE4E /* FirebaseInAppMessaging-Beta */ = {
			isa = XCSwiftPackageProductDependency;
			package = 99FC23D92BC24A5100F9CE4E /* XCRemoteSwiftPackageReference "firebase-ios-sdk" */;
			productName = "FirebaseInAppMessaging-Beta";
		};
		99FC240E2BC2FDB000F9CE4E /* FirebaseInAppMessagingSwift-Beta */ = {
			isa = XCSwiftPackageProductDependency;
			package = 99FC23D92BC24A5100F9CE4E /* XCRemoteSwiftPackageReference "firebase-ios-sdk" */;
			productName = "FirebaseInAppMessagingSwift-Beta";
		};
		99FC24102BC2FDB000F9CE4E /* FirebaseInstallations */ = {
			isa = XCSwiftPackageProductDependency;
			package = 99FC23D92BC24A5100F9CE4E /* XCRemoteSwiftPackageReference "firebase-ios-sdk" */;
			productName = FirebaseInstallations;
		};
		99FC24122BC2FDB000F9CE4E /* FirebaseMLModelDownloader */ = {
			isa = XCSwiftPackageProductDependency;
			package = 99FC23D92BC24A5100F9CE4E /* XCRemoteSwiftPackageReference "firebase-ios-sdk" */;
			productName = FirebaseMLModelDownloader;
		};
		99FC24142BC2FDB000F9CE4E /* FirebaseMessaging */ = {
			isa = XCSwiftPackageProductDependency;
			package = 99FC23D92BC24A5100F9CE4E /* XCRemoteSwiftPackageReference "firebase-ios-sdk" */;
			productName = FirebaseMessaging;
		};
		99FC24162BC2FDB000F9CE4E /* FirebasePerformance */ = {
			isa = XCSwiftPackageProductDependency;
			package = 99FC23D92BC24A5100F9CE4E /* XCRemoteSwiftPackageReference "firebase-ios-sdk" */;
			productName = FirebasePerformance;
		};
		99FC24182BC2FDB000F9CE4E /* FirebaseRemoteConfig */ = {
			isa = XCSwiftPackageProductDependency;
			package = 99FC23D92BC24A5100F9CE4E /* XCRemoteSwiftPackageReference "firebase-ios-sdk" */;
			productName = FirebaseRemoteConfig;
		};
		99FC241A2BC2FDB000F9CE4E /* FirebaseRemoteConfigSwift */ = {
			isa = XCSwiftPackageProductDependency;
			package = 99FC23D92BC24A5100F9CE4E /* XCRemoteSwiftPackageReference "firebase-ios-sdk" */;
			productName = FirebaseRemoteConfigSwift;
		};
		99FC241C2BC2FDB000F9CE4E /* FirebaseStorage */ = {
			isa = XCSwiftPackageProductDependency;
			package = 99FC23D92BC24A5100F9CE4E /* XCRemoteSwiftPackageReference "firebase-ios-sdk" */;
			productName = FirebaseStorage;
		};
		99FC241E2BC2FDB000F9CE4E /* FirebaseStorageCombine-Community */ = {
			isa = XCSwiftPackageProductDependency;
			package = 99FC23D92BC24A5100F9CE4E /* XCRemoteSwiftPackageReference "firebase-ios-sdk" */;
			productName = "FirebaseStorageCombine-Community";
		};
/* End XCSwiftPackageProductDependency section */
	};
	rootObject = 99FC23B72BC1FAB400F9CE4E /* Project object */;
}
